// !$*UTF8*$!
{
	archiveVersion = 1;
	classes = {
	};
	objectVersion = 46;
	objects = {

/* Begin PBXBuildFile section */
		8957D2EF1D2E581300489204 /* main.m in Sources */ = {isa = PBXBuildFile; fileRef = 8957D2EE1D2E581300489204 /* main.m */; };
		8957D2F21D2E581300489204 /* AppDelegate.m in Sources */ = {isa = PBXBuildFile; fileRef = 8957D2F11D2E581300489204 /* AppDelegate.m */; };
		8957D2F51D2E581300489204 /* ViewController.m in Sources */ = {isa = PBXBuildFile; fileRef = 8957D2F41D2E581300489204 /* ViewController.m */; };
		8957D2F81D2E581300489204 /* Main.storyboard in Resources */ = {isa = PBXBuildFile; fileRef = 8957D2F61D2E581300489204 /* Main.storyboard */; };
		8957D2FA1D2E581300489204 /* Assets.xcassets in Resources */ = {isa = PBXBuildFile; fileRef = 8957D2F91D2E581300489204 /* Assets.xcassets */; };
		8957D2FD1D2E581300489204 /* LaunchScreen.storyboard in Resources */ = {isa = PBXBuildFile; fileRef = 8957D2FB1D2E581300489204 /* LaunchScreen.storyboard */; };
		8957D3081D2E581400489204 /* _____Tests.m in Sources */ = {isa = PBXBuildFile; fileRef = 8957D3071D2E581400489204 /* _____Tests.m */; };
		8957D3131D2E581400489204 /* _____UITests.m in Sources */ = {isa = PBXBuildFile; fileRef = 8957D3121D2E581400489204 /* _____UITests.m */; };
		8957D3271D2E582600489204 /* HZBar.m in Sources */ = {isa = PBXBuildFile; fileRef = 8957D3211D2E582600489204 /* HZBar.m */; };
		8957D3281D2E582600489204 /* HZBarChart.m in Sources */ = {isa = PBXBuildFile; fileRef = 8957D3231D2E582600489204 /* HZBarChart.m */; };
		8957D3291D2E582600489204 /* HZChartView.m in Sources */ = {isa = PBXBuildFile; fileRef = 8957D3251D2E582600489204 /* HZChartView.m */; };
		8957D32A1D2E582600489204 /* HZChartView.xib in Resources */ = {isa = PBXBuildFile; fileRef = 8957D3261D2E582600489204 /* HZChartView.xib */; };
		8957D32D1D2E589C00489204 /* UIView+Extension.m in Sources */ = {isa = PBXBuildFile; fileRef = 8957D32C1D2E589C00489204 /* UIView+Extension.m */; };
/* End PBXBuildFile section */

/* Begin PBXContainerItemProxy section */
		8957D3041D2E581400489204 /* PBXContainerItemProxy */ = {
			isa = PBXContainerItemProxy;
			containerPortal = 8957D2E21D2E581300489204 /* Project object */;
			proxyType = 1;
			remoteGlobalIDString = 8957D2E91D2E581300489204;
			remoteInfo = "渐变柱状图";
		};
		8957D30F1D2E581400489204 /* PBXContainerItemProxy */ = {
			isa = PBXContainerItemProxy;
			containerPortal = 8957D2E21D2E581300489204 /* Project object */;
			proxyType = 1;
			remoteGlobalIDString = 8957D2E91D2E581300489204;
			remoteInfo = "渐变柱状图";
		};
/* End PBXContainerItemProxy section */

/* Begin PBXFileReference section */
		8957D2EA1D2E581300489204 /* 渐变柱状图.app */ = {isa = PBXFileReference; explicitFileType = wrapper.application; includeInIndex = 0; path = "渐变柱状图.app"; sourceTree = BUILT_PRODUCTS_DIR; };
		8957D2EE1D2E581300489204 /* main.m */ = {isa = PBXFileReference; lastKnownFileType = sourcecode.c.objc; path = main.m; sourceTree = "<group>"; };
		8957D2F01D2E581300489204 /* AppDelegate.h */ = {isa = PBXFileReference; lastKnownFileType = sourcecode.c.h; path = AppDelegate.h; sourceTree = "<group>"; };
		8957D2F11D2E581300489204 /* AppDelegate.m */ = {isa = PBXFileReference; lastKnownFileType = sourcecode.c.objc; path = AppDelegate.m; sourceTree = "<group>"; };
		8957D2F31D2E581300489204 /* ViewController.h */ = {isa = PBXFileReference; lastKnownFileType = sourcecode.c.h; path = ViewController.h; sourceTree = "<group>"; };
		8957D2F41D2E581300489204 /* ViewController.m */ = {isa = PBXFileReference; lastKnownFileType = sourcecode.c.objc; path = ViewController.m; sourceTree = "<group>"; };
		8957D2F71D2E581300489204 /* Base */ = {isa = PBXFileReference; lastKnownFileType = file.storyboard; name = Base; path = Base.lproj/Main.storyboard; sourceTree = "<group>"; };
		8957D2F91D2E581300489204 /* Assets.xcassets */ = {isa = PBXFileReference; lastKnownFileType = folder.assetcatalog; path = Assets.xcassets; sourceTree = "<group>"; };
		8957D2FC1D2E581300489204 /* Base */ = {isa = PBXFileReference; lastKnownFileType = file.storyboard; name = Base; path = Base.lproj/LaunchScreen.storyboard; sourceTree = "<group>"; };
		8957D2FE1D2E581300489204 /* Info.plist */ = {isa = PBXFileReference; lastKnownFileType = text.plist.xml; path = Info.plist; sourceTree = "<group>"; };
		8957D3031D2E581400489204 /* 渐变柱状图Tests.xctest */ = {isa = PBXFileReference; explicitFileType = wrapper.cfbundle; includeInIndex = 0; path = "渐变柱状图Tests.xctest"; sourceTree = BUILT_PRODUCTS_DIR; };
		8957D3071D2E581400489204 /* _____Tests.m */ = {isa = PBXFileReference; lastKnownFileType = sourcecode.c.objc; path = "_____Tests.m"; sourceTree = "<group>"; };
		8957D3091D2E581400489204 /* Info.plist */ = {isa = PBXFileReference; lastKnownFileType = text.plist.xml; path = Info.plist; sourceTree = "<group>"; };
		8957D30E1D2E581400489204 /* 渐变柱状图UITests.xctest */ = {isa = PBXFileReference; explicitFileType = wrapper.cfbundle; includeInIndex = 0; path = "渐变柱状图UITests.xctest"; sourceTree = BUILT_PRODUCTS_DIR; };
		8957D3121D2E581400489204 /* _____UITests.m */ = {isa = PBXFileReference; lastKnownFileType = sourcecode.c.objc; path = "_____UITests.m"; sourceTree = "<group>"; };
		8957D3141D2E581400489204 /* Info.plist */ = {isa = PBXFileReference; lastKnownFileType = text.plist.xml; path = Info.plist; sourceTree = "<group>"; };
		8957D3201D2E582500489204 /* HZBar.h */ = {isa = PBXFileReference; fileEncoding = 4; lastKnownFileType = sourcecode.c.h; path = HZBar.h; sourceTree = "<group>"; };
		8957D3211D2E582600489204 /* HZBar.m */ = {isa = PBXFileReference; fileEncoding = 4; lastKnownFileType = sourcecode.c.objc; path = HZBar.m; sourceTree = "<group>"; };
		8957D3221D2E582600489204 /* HZBarChart.h */ = {isa = PBXFileReference; fileEncoding = 4; lastKnownFileType = sourcecode.c.h; path = HZBarChart.h; sourceTree = "<group>"; };
		8957D3231D2E582600489204 /* HZBarChart.m */ = {isa = PBXFileReference; fileEncoding = 4; lastKnownFileType = sourcecode.c.objc; path = HZBarChart.m; sourceTree = "<group>"; };
		8957D3241D2E582600489204 /* HZChartView.h */ = {isa = PBXFileReference; fileEncoding = 4; lastKnownFileType = sourcecode.c.h; path = HZChartView.h; sourceTree = "<group>"; };
		8957D3251D2E582600489204 /* HZChartView.m */ = {isa = PBXFileReference; fileEncoding = 4; lastKnownFileType = sourcecode.c.objc; path = HZChartView.m; sourceTree = "<group>"; };
		8957D3261D2E582600489204 /* HZChartView.xib */ = {isa = PBXFileReference; fileEncoding = 4; lastKnownFileType = file.xib; path = HZChartView.xib; sourceTree = "<group>"; };
		8957D32B1D2E589C00489204 /* UIView+Extension.h */ = {isa = PBXFileReference; fileEncoding = 4; lastKnownFileType = sourcecode.c.h; path = "UIView+Extension.h"; sourceTree = "<group>"; };
		8957D32C1D2E589C00489204 /* UIView+Extension.m */ = {isa = PBXFileReference; fileEncoding = 4; lastKnownFileType = sourcecode.c.objc; path = "UIView+Extension.m"; sourceTree = "<group>"; };
/* End PBXFileReference section */

/* Begin PBXFrameworksBuildPhase section */
		8957D2E71D2E581300489204 /* Frameworks */ = {
			isa = PBXFrameworksBuildPhase;
			buildActionMask = 2147483647;
			files = (
			);
			runOnlyForDeploymentPostprocessing = 0;
		};
		8957D3001D2E581400489204 /* Frameworks */ = {
			isa = PBXFrameworksBuildPhase;
			buildActionMask = 2147483647;
			files = (
			);
			runOnlyForDeploymentPostprocessing = 0;
		};
		8957D30B1D2E581400489204 /* Frameworks */ = {
			isa = PBXFrameworksBuildPhase;
			buildActionMask = 2147483647;
			files = (
			);
			runOnlyForDeploymentPostprocessing = 0;
		};
/* End PBXFrameworksBuildPhase section */

/* Begin PBXGroup section */
		8957D2E11D2E581300489204 = {
			isa = PBXGroup;
			children = (
				8957D2EC1D2E581300489204 /* 渐变柱状图 */,
				8957D3061D2E581400489204 /* 渐变柱状图Tests */,
				8957D3111D2E581400489204 /* 渐变柱状图UITests */,
				8957D2EB1D2E581300489204 /* Products */,
			);
			sourceTree = "<group>";
		};
		8957D2EB1D2E581300489204 /* Products */ = {
			isa = PBXGroup;
			children = (
				8957D2EA1D2E581300489204 /* 渐变柱状图.app */,
				8957D3031D2E581400489204 /* 渐变柱状图Tests.xctest */,
				8957D30E1D2E581400489204 /* 渐变柱状图UITests.xctest */,
			);
			name = Products;
			sourceTree = "<group>";
		};
		8957D2EC1D2E581300489204 /* 渐变柱状图 */ = {
			isa = PBXGroup;
			children = (
				8957D2F01D2E581300489204 /* AppDelegate.h */,
				8957D2F11D2E581300489204 /* AppDelegate.m */,
				8957D2F31D2E581300489204 /* ViewController.h */,
				8957D2F41D2E581300489204 /* ViewController.m */,
				8957D3201D2E582500489204 /* HZBar.h */,
				8957D3211D2E582600489204 /* HZBar.m */,
				8957D3221D2E582600489204 /* HZBarChart.h */,
				8957D3231D2E582600489204 /* HZBarChart.m */,
				8957D3241D2E582600489204 /* HZChartView.h */,
				8957D3251D2E582600489204 /* HZChartView.m */,
				8957D3261D2E582600489204 /* HZChartView.xib */,
				8957D32B1D2E589C00489204 /* UIView+Extension.h */,
				8957D32C1D2E589C00489204 /* UIView+Extension.m */,
				8957D2F61D2E581300489204 /* Main.storyboard */,
				8957D2F91D2E581300489204 /* Assets.xcassets */,
				8957D2FB1D2E581300489204 /* LaunchScreen.storyboard */,
				8957D2FE1D2E581300489204 /* Info.plist */,
				8957D2ED1D2E581300489204 /* Supporting Files */,
			);
			path = "渐变柱状图";
			sourceTree = "<group>";
		};
		8957D2ED1D2E581300489204 /* Supporting Files */ = {
			isa = PBXGroup;
			children = (
				8957D2EE1D2E581300489204 /* main.m */,
			);
			name = "Supporting Files";
			sourceTree = "<group>";
		};
		8957D3061D2E581400489204 /* 渐变柱状图Tests */ = {
			isa = PBXGroup;
			children = (
				8957D3071D2E581400489204 /* _____Tests.m */,
				8957D3091D2E581400489204 /* Info.plist */,
			);
			path = "渐变柱状图Tests";
			sourceTree = "<group>";
		};
		8957D3111D2E581400489204 /* 渐变柱状图UITests */ = {
			isa = PBXGroup;
			children = (
				8957D3121D2E581400489204 /* _____UITests.m */,
				8957D3141D2E581400489204 /* Info.plist */,
			);
			path = "渐变柱状图UITests";
			sourceTree = "<group>";
		};
/* End PBXGroup section */

/* Begin PBXNativeTarget section */
		8957D2E91D2E581300489204 /* 渐变柱状图 */ = {
			isa = PBXNativeTarget;
			buildConfigurationList = 8957D3171D2E581400489204 /* Build configuration list for PBXNativeTarget "渐变柱状图" */;
			buildPhases = (
				8957D2E61D2E581300489204 /* Sources */,
				8957D2E71D2E581300489204 /* Frameworks */,
				8957D2E81D2E581300489204 /* Resources */,
			);
			buildRules = (
			);
			dependencies = (
			);
			name = "渐变柱状图";
			productName = "渐变柱状图";
			productReference = 8957D2EA1D2E581300489204 /* 渐变柱状图.app */;
			productType = "com.apple.product-type.application";
		};
		8957D3021D2E581400489204 /* 渐变柱状图Tests */ = {
			isa = PBXNativeTarget;
			buildConfigurationList = 8957D31A1D2E581400489204 /* Build configuration list for PBXNativeTarget "渐变柱状图Tests" */;
			buildPhases = (
				8957D2FF1D2E581400489204 /* Sources */,
				8957D3001D2E581400489204 /* Frameworks */,
				8957D3011D2E581400489204 /* Resources */,
			);
			buildRules = (
			);
			dependencies = (
				8957D3051D2E581400489204 /* PBXTargetDependency */,
			);
			name = "渐变柱状图Tests";
			productName = "渐变柱状图Tests";
			productReference = 8957D3031D2E581400489204 /* 渐变柱状图Tests.xctest */;
			productType = "com.apple.product-type.bundle.unit-test";
		};
		8957D30D1D2E581400489204 /* 渐变柱状图UITests */ = {
			isa = PBXNativeTarget;
			buildConfigurationList = 8957D31D1D2E581400489204 /* Build configuration list for PBXNativeTarget "渐变柱状图UITests" */;
			buildPhases = (
				8957D30A1D2E581400489204 /* Sources */,
				8957D30B1D2E581400489204 /* Frameworks */,
				8957D30C1D2E581400489204 /* Resources */,
			);
			buildRules = (
			);
			dependencies = (
				8957D3101D2E581400489204 /* PBXTargetDependency */,
			);
			name = "渐变柱状图UITests";
			productName = "渐变柱状图UITests";
			productReference = 8957D30E1D2E581400489204 /* 渐变柱状图UITests.xctest */;
			productType = "com.apple.product-type.bundle.ui-testing";
		};
/* End PBXNativeTarget section */

/* Begin PBXProject section */
		8957D2E21D2E581300489204 /* Project object */ = {
			isa = PBXProject;
			attributes = {
				LastUpgradeCheck = 0720;
				ORGANIZATIONNAME = "华子";
				TargetAttributes = {
					8957D2E91D2E581300489204 = {
						CreatedOnToolsVersion = 7.2;
					};
					8957D3021D2E581400489204 = {
						CreatedOnToolsVersion = 7.2;
						TestTargetID = 8957D2E91D2E581300489204;
					};
					8957D30D1D2E581400489204 = {
						CreatedOnToolsVersion = 7.2;
						TestTargetID = 8957D2E91D2E581300489204;
					};
				};
			};
			buildConfigurationList = 8957D2E51D2E581300489204 /* Build configuration list for PBXProject "渐变柱状图" */;
			compatibilityVersion = "Xcode 3.2";
			developmentRegion = English;
			hasScannedForEncodings = 0;
			knownRegions = (
				en,
				Base,
			);
			mainGroup = 8957D2E11D2E581300489204;
			productRefGroup = 8957D2EB1D2E581300489204 /* Products */;
			projectDirPath = "";
			projectRoot = "";
			targets = (
				8957D2E91D2E581300489204 /* 渐变柱状图 */,
				8957D3021D2E581400489204 /* 渐变柱状图Tests */,
				8957D30D1D2E581400489204 /* 渐变柱状图UITests */,
			);
		};
/* End PBXProject section */

/* Begin PBXResourcesBuildPhase section */
		8957D2E81D2E581300489204 /* Resources */ = {
			isa = PBXResourcesBuildPhase;
			buildActionMask = 2147483647;
			files = (
				8957D2FD1D2E581300489204 /* LaunchScreen.storyboard in Resources */,
				8957D2FA1D2E581300489204 /* Assets.xcassets in Resources */,
				8957D2F81D2E581300489204 /* Main.storyboard in Resources */,
				8957D32A1D2E582600489204 /* HZChartView.xib in Resources */,
			);
			runOnlyForDeploymentPostprocessing = 0;
		};
		8957D3011D2E581400489204 /* Resources */ = {
			isa = PBXResourcesBuildPhase;
			buildActionMask = 2147483647;
			files = (
			);
			runOnlyForDeploymentPostprocessing = 0;
		};
		8957D30C1D2E581400489204 /* Resources */ = {
			isa = PBXResourcesBuildPhase;
			buildActionMask = 2147483647;
			files = (
			);
			runOnlyForDeploymentPostprocessing = 0;
		};
/* End PBXResourcesBuildPhase section */

/* Begin PBXSourcesBuildPhase section */
		8957D2E61D2E581300489204 /* Sources */ = {
			isa = PBXSourcesBuildPhase;
			buildActionMask = 2147483647;
			files = (
				8957D2F51D2E581300489204 /* ViewController.m in Sources */,
				8957D3291D2E582600489204 /* HZChartView.m in Sources */,
				8957D3271D2E582600489204 /* HZBar.m in Sources */,
				8957D32D1D2E589C00489204 /* UIView+Extension.m in Sources */,
				8957D2F21D2E581300489204 /* AppDelegate.m in Sources */,
				8957D3281D2E582600489204 /* HZBarChart.m in Sources */,
				8957D2EF1D2E581300489204 /* main.m in Sources */,
			);
			runOnlyForDeploymentPostprocessing = 0;
		};
		8957D2FF1D2E581400489204 /* Sources */ = {
			isa = PBXSourcesBuildPhase;
			buildActionMask = 2147483647;
			files = (
				8957D3081D2E581400489204 /* _____Tests.m in Sources */,
			);
			runOnlyForDeploymentPostprocessing = 0;
		};
		8957D30A1D2E581400489204 /* Sources */ = {
			isa = PBXSourcesBuildPhase;
			buildActionMask = 2147483647;
			files = (
				8957D3131D2E581400489204 /* _____UITests.m in Sources */,
			);
			runOnlyForDeploymentPostprocessing = 0;
		};
/* End PBXSourcesBuildPhase section */

/* Begin PBXTargetDependency section */
		8957D3051D2E581400489204 /* PBXTargetDependency */ = {
			isa = PBXTargetDependency;
			target = 8957D2E91D2E581300489204 /* 渐变柱状图 */;
			targetProxy = 8957D3041D2E581400489204 /* PBXContainerItemProxy */;
		};
		8957D3101D2E581400489204 /* PBXTargetDependency */ = {
			isa = PBXTargetDependency;
			target = 8957D2E91D2E581300489204 /* 渐变柱状图 */;
			targetProxy = 8957D30F1D2E581400489204 /* PBXContainerItemProxy */;
		};
/* End PBXTargetDependency section */

/* Begin PBXVariantGroup section */
		8957D2F61D2E581300489204 /* Main.storyboard */ = {
			isa = PBXVariantGroup;
			children = (
				8957D2F71D2E581300489204 /* Base */,
			);
			name = Main.storyboard;
			sourceTree = "<group>";
		};
		8957D2FB1D2E581300489204 /* LaunchScreen.storyboard */ = {
			isa = PBXVariantGroup;
			children = (
				8957D2FC1D2E581300489204 /* Base */,
			);
			name = LaunchScreen.storyboard;
			sourceTree = "<group>";
		};
/* End PBXVariantGroup section */

/* Begin XCBuildConfiguration section */
		8957D3151D2E581400489204 /* Debug */ = {
			isa = XCBuildConfiguration;
			buildSettings = {
				ALWAYS_SEARCH_USER_PATHS = NO;
				CLANG_CXX_LANGUAGE_STANDARD = "gnu++0x";
				CLANG_CXX_LIBRARY = "libc++";
				CLANG_ENABLE_MODULES = YES;
				CLANG_ENABLE_OBJC_ARC = YES;
				CLANG_WARN_BOOL_CONVERSION = YES;
				CLANG_WARN_CONSTANT_CONVERSION = YES;
				CLANG_WARN_DIRECT_OBJC_ISA_USAGE = YES_ERROR;
				CLANG_WARN_EMPTY_BODY = YES;
				CLANG_WARN_ENUM_CONVERSION = YES;
				CLANG_WARN_INT_CONVERSION = YES;
				CLANG_WARN_OBJC_ROOT_CLASS = YES_ERROR;
				CLANG_WARN_UNREACHABLE_CODE = YES;
				CLANG_WARN__DUPLICATE_METHOD_MATCH = YES;
				"CODE_SIGN_IDENTITY[sdk=iphoneos*]" = "iPhone Developer";
				COPY_PHASE_STRIP = NO;
				DEBUG_INFORMATION_FORMAT = dwarf;
				ENABLE_STRICT_OBJC_MSGSEND = YES;
				ENABLE_TESTABILITY = YES;
				GCC_C_LANGUAGE_STANDARD = gnu99;
				GCC_DYNAMIC_NO_PIC = NO;
				GCC_NO_COMMON_BLOCKS = YES;
				GCC_OPTIMIZATION_LEVEL = 0;
				GCC_PREPROCESSOR_DEFINITIONS = (
					"DEBUG=1",
					"$(inherited)",
				);
				GCC_WARN_64_TO_32_BIT_CONVERSION = YES;
				GCC_WARN_ABOUT_RETURN_TYPE = YES_ERROR;
				GCC_WARN_UNDECLARED_SELECTOR = YES;
				GCC_WARN_UNINITIALIZED_AUTOS = YES_AGGRESSIVE;
				GCC_WARN_UNUSED_FUNCTION = YES;
				GCC_WARN_UNUSED_VARIABLE = YES;
				IPHONEOS_DEPLOYMENT_TARGET = 9.2;
				MTL_ENABLE_DEBUG_INFO = YES;
				ONLY_ACTIVE_ARCH = YES;
				SDKROOT = iphoneos;
				TARGETED_DEVICE_FAMILY = "1,2";
			};
			name = Debug;
		};
		8957D3161D2E581400489204 /* Release */ = {
			isa = XCBuildConfiguration;
			buildSettings = {
				ALWAYS_SEARCH_USER_PATHS = NO;
				CLANG_CXX_LANGUAGE_STANDARD = "gnu++0x";
				CLANG_CXX_LIBRARY = "libc++";
				CLANG_ENABLE_MODULES = YES;
				CLANG_ENABLE_OBJC_ARC = YES;
				CLANG_WARN_BOOL_CONVERSION = YES;
				CLANG_WARN_CONSTANT_CONVERSION = YES;
				CLANG_WARN_DIRECT_OBJC_ISA_USAGE = YES_ERROR;
				CLANG_WARN_EMPTY_BODY = YES;
				CLANG_WARN_ENUM_CONVERSION = YES;
				CLANG_WARN_INT_CONVERSION = YES;
				CLANG_WARN_OBJC_ROOT_CLASS = YES_ERROR;
				CLANG_WARN_UNREACHABLE_CODE = YES;
				CLANG_WARN__DUPLICATE_METHOD_MATCH = YES;
				"CODE_SIGN_IDENTITY[sdk=iphoneos*]" = "iPhone Developer";
				COPY_PHASE_STRIP = NO;
				DEBUG_INFORMATION_FORMAT = "dwarf-with-dsym";
				ENABLE_NS_ASSERTIONS = NO;
				ENABLE_STRICT_OBJC_MSGSEND = YES;
				GCC_C_LANGUAGE_STANDARD = gnu99;
				GCC_NO_COMMON_BLOCKS = YES;
				GCC_WARN_64_TO_32_BIT_CONVERSION = YES;
				GCC_WARN_ABOUT_RETURN_TYPE = YES_ERROR;
				GCC_WARN_UNDECLARED_SELECTOR = YES;
				GCC_WARN_UNINITIALIZED_AUTOS = YES_AGGRESSIVE;
				GCC_WARN_UNUSED_FUNCTION = YES;
				GCC_WARN_UNUSED_VARIABLE = YES;
				IPHONEOS_DEPLOYMENT_TARGET = 9.2;
				MTL_ENABLE_DEBUG_INFO = NO;
				SDKROOT = iphoneos;
				TARGETED_DEVICE_FAMILY = "1,2";
				VALIDATE_PRODUCT = YES;
			};
			name = Release;
		};
		8957D3181D2E581400489204 /* Debug */ = {
			isa = XCBuildConfiguration;
			buildSettings = {
				ASSETCATALOG_COMPILER_APPICON_NAME = AppIcon;
				INFOPLIST_FILE = "渐变柱状图/Info.plist";
				LD_RUNPATH_SEARCH_PATHS = "$(inherited) @executable_path/Frameworks";
				PRODUCT_BUNDLE_IDENTIFIER = "huazi.-----";
				PRODUCT_NAME = "$(TARGET_NAME)";
			};
			name = Debug;
		};
		8957D3191D2E581400489204 /* Release */ = {
			isa = XCBuildConfiguration;
			buildSettings = {
				ASSETCATALOG_COMPILER_APPICON_NAME = AppIcon;
				INFOPLIST_FILE = "渐变柱状图/Info.plist";
				LD_RUNPATH_SEARCH_PATHS = "$(inherited) @executable_path/Frameworks";
				PRODUCT_BUNDLE_IDENTIFIER = "huazi.-----";
				PRODUCT_NAME = "$(TARGET_NAME)";
			};
			name = Release;
		};
		8957D31B1D2E581400489204 /* Debug */ = {
			isa = XCBuildConfiguration;
			buildSettings = {
				BUNDLE_LOADER = "$(TEST_HOST)";
				INFOPLIST_FILE = "渐变柱状图Tests/Info.plist";
				LD_RUNPATH_SEARCH_PATHS = "$(inherited) @executable_path/Frameworks @loader_path/Frameworks";
				PRODUCT_BUNDLE_IDENTIFIER = "huazi.-----Tests";
				PRODUCT_NAME = "$(TARGET_NAME)";
				TEST_HOST = "$(BUILT_PRODUCTS_DIR)/渐变柱状图.app/渐变柱状图";
			};
			name = Debug;
		};
		8957D31C1D2E581400489204 /* Release */ = {
			isa = XCBuildConfiguration;
			buildSettings = {
				BUNDLE_LOADER = "$(TEST_HOST)";
				INFOPLIST_FILE = "渐变柱状图Tests/Info.plist";
				LD_RUNPATH_SEARCH_PATHS = "$(inherited) @executable_path/Frameworks @loader_path/Frameworks";
				PRODUCT_BUNDLE_IDENTIFIER = "huazi.-----Tests";
				PRODUCT_NAME = "$(TARGET_NAME)";
				TEST_HOST = "$(BUILT_PRODUCTS_DIR)/渐变柱状图.app/渐变柱状图";
			};
			name = Release;
		};
		8957D31E1D2E581400489204 /* Debug */ = {
			isa = XCBuildConfiguration;
			buildSettings = {
				INFOPLIST_FILE = "渐变柱状图UITests/Info.plist";
				LD_RUNPATH_SEARCH_PATHS = "$(inherited) @executable_path/Frameworks @loader_path/Frameworks";
				PRODUCT_BUNDLE_IDENTIFIER = "huazi.-----UITests";
				PRODUCT_NAME = "$(TARGET_NAME)";
				TEST_TARGET_NAME = "渐变柱状图";
				USES_XCTRUNNER = YES;
			};
			name = Debug;
		};
		8957D31F1D2E581400489204 /* Release */ = {
			isa = XCBuildConfiguration;
			buildSettings = {
				INFOPLIST_FILE = "渐变柱状图UITests/Info.plist";
				LD_RUNPATH_SEARCH_PATHS = "$(inherited) @executable_path/Frameworks @loader_path/Frameworks";
				PRODUCT_BUNDLE_IDENTIFIER = "huazi.-----UITests";
				PRODUCT_NAME = "$(TARGET_NAME)";
				TEST_TARGET_NAME = "渐变柱状图";
				USES_XCTRUNNER = YES;
			};
			name = Release;
		};
/* End XCBuildConfiguration section */

/* Begin XCConfigurationList section */
		8957D2E51D2E581300489204 /* Build configuration list for PBXProject "渐变柱状图" */ = {
			isa = XCConfigurationList;
			buildConfigurations = (
				8957D3151D2E581400489204 /* Debug */,
				8957D3161D2E581400489204 /* Release */,
			);
			defaultConfigurationIsVisible = 0;
			defaultConfigurationName = Release;
		};
		8957D3171D2E581400489204 /* Build configuration list for PBXNativeTarget "渐变柱状图" */ = {
			isa = XCConfigurationList;
			buildConfigurations = (
				8957D3181D2E581400489204 /* Debug */,
				8957D3191D2E581400489204 /* Release */,
			);
			defaultConfigurationIsVisible = 0;
		};
		8957D31A1D2E581400489204 /* Build configuration list for PBXNativeTarget "渐变柱状图Tests" */ = {
			isa = XCConfigurationList;
			buildConfigurations = (
				8957D31B1D2E581400489204 /* Debug */,
				8957D31C1D2E581400489204 /* Release */,
			);
			defaultConfigurationIsVisible = 0;
		};
		8957D31D1D2E581400489204 /* Build configuration list for PBXNativeTarget "渐变柱状图UITests" */ = {
			isa = XCConfigurationList;
			buildConfigurations = (
				8957D31E1D2E581400489204 /* Debug */,
				8957D31F1D2E581400489204 /* Release */,
			);
			defaultConfigurationIsVisible = 0;
		};
/* End XCConfigurationList section */
	};
	rootObject = 8957D2E21D2E581300489204 /* Project object */;
}
